
Microsoft Visual Studio Solution File, Format Version 12.00
# Visual Studio Version 16
VisualStudioVersion = 16.0.29911.84
MinimumVisualStudioVersion = 10.0.40219.1
Project("{FAE04EC0-301F-11D3-BF4B-00C04F79EFBC}") = "Integral rectangular", "Integral rectangular.csproj", "{97E4F0EF-13A6-41BF-A924-EEF8E65B77F8}"
EndProject
Global
	GlobalSection(SolutionConfigurationPlatforms) = preSolution
		Debug|Any CPU = Debug|Any CPU
		Release|Any CPU = Release|Any CPU
	EndGlobalSection
	GlobalSection(ProjectConfigurationPlatforms) = postSolution
		{97E4F0EF-13A6-41BF-A924-EEF8E65B77F8}.Debug|Any CPU.ActiveCfg = Debug|Any CPU
		{97E4F0EF-13A6-41BF-A924-EEF8E65B77F8}.Debug|Any CPU.Build.0 = Debug|Any CPU
		{97E4F0EF-13A6-41BF-A924-EEF8E65B77F8}.Release|Any CPU.ActiveCfg = Release|Any CPU
		{97E4F0EF-13A6-41BF-A924-EEF8E65B77F8}.Release|Any CPU.Build.0 = Release|Any CPU
	EndGlobalSection
	GlobalSection(SolutionProperties) = preSolution
		HideSolutionNode = FALSE
	EndGlobalSection
	GlobalSection(ExtensibilityGlobals) = postSolution
		SolutionGuid = {3B50B6D0-8295-4667-87DB-66608BCC1344}
	EndGlobalSection
EndGlobal
