
Microsoft Visual Studio Solution File, Format Version 12.00
# Visual Studio Version 16
VisualStudioVersion = 16.0.29806.167
MinimumVisualStudioVersion = 10.0.40219.1
Project("{FAE04EC0-301F-11D3-BF4B-00C04F79EFBC}") = "Tarea 4.1 - MN", "Tarea 4.1 - MN.csproj", "{A624C785-F947-4AC3-BBE1-189C125F082C}"
EndProject
Global
	GlobalSection(SolutionConfigurationPlatforms) = preSolution
		Debug|Any CPU = Debug|Any CPU
		Release|Any CPU = Release|Any CPU
	EndGlobalSection
	GlobalSection(ProjectConfigurationPlatforms) = postSolution
		{A624C785-F947-4AC3-BBE1-189C125F082C}.Debug|Any CPU.ActiveCfg = Debug|Any CPU
		{A624C785-F947-4AC3-BBE1-189C125F082C}.Debug|Any CPU.Build.0 = Debug|Any CPU
		{A624C785-F947-4AC3-BBE1-189C125F082C}.Release|Any CPU.ActiveCfg = Release|Any CPU
		{A624C785-F947-4AC3-BBE1-189C125F082C}.Release|Any CPU.Build.0 = Release|Any CPU
	EndGlobalSection
	GlobalSection(SolutionProperties) = preSolution
		HideSolutionNode = FALSE
	EndGlobalSection
	GlobalSection(ExtensibilityGlobals) = postSolution
		SolutionGuid = {230DD61A-9BF5-4BE4-8F50-3B6762081625}
	EndGlobalSection
EndGlobal
