
Microsoft Visual Studio Solution File, Format Version 12.00
# Visual Studio Version 16
VisualStudioVersion = 16.0.29709.97
MinimumVisualStudioVersion = 10.0.40219.1
Project("{FAE04EC0-301F-11D3-BF4B-00C04F79EFBC}") = "Actividad 3.2 - MN", "Actividad 3.2 - MN.csproj", "{0DD1D5AC-A730-4C66-84CC-17C68624DAA9}"
EndProject
Global
	GlobalSection(SolutionConfigurationPlatforms) = preSolution
		Debug|Any CPU = Debug|Any CPU
		Release|Any CPU = Release|Any CPU
	EndGlobalSection
	GlobalSection(ProjectConfigurationPlatforms) = postSolution
		{0DD1D5AC-A730-4C66-84CC-17C68624DAA9}.Debug|Any CPU.ActiveCfg = Debug|Any CPU
		{0DD1D5AC-A730-4C66-84CC-17C68624DAA9}.Debug|Any CPU.Build.0 = Debug|Any CPU
		{0DD1D5AC-A730-4C66-84CC-17C68624DAA9}.Release|Any CPU.ActiveCfg = Release|Any CPU
		{0DD1D5AC-A730-4C66-84CC-17C68624DAA9}.Release|Any CPU.Build.0 = Release|Any CPU
	EndGlobalSection
	GlobalSection(SolutionProperties) = preSolution
		HideSolutionNode = FALSE
	EndGlobalSection
	GlobalSection(ExtensibilityGlobals) = postSolution
		SolutionGuid = {ABAA0CF6-0AB5-4700-9250-338CB3660252}
	EndGlobalSection
EndGlobal
